
Microsoft Visual Studio Solution File, Format Version 12.00
Project("{FAE04EC0-301F-11D3-BF4B-00C04F79EFBC}") = "DiceGame", "DiceGame.csproj", "{4AE29CD0-1201-47D7-8E8A-8B75C501170B}"
EndProject
Global
	GlobalSection(SolutionConfigurationPlatforms) = preSolution
		Debug|Any CPU = Debug|Any CPU
		Release|Any CPU = Release|Any CPU
	EndGlobalSection
	GlobalSection(ProjectConfigurationPlatforms) = postSolution
		{4AE29CD0-1201-47D7-8E8A-8B75C501170B}.Debug|Any CPU.ActiveCfg = Debug|Any CPU
		{4AE29CD0-1201-47D7-8E8A-8B75C501170B}.Debug|Any CPU.Build.0 = Debug|Any CPU
		{4AE29CD0-1201-47D7-8E8A-8B75C501170B}.Release|Any CPU.ActiveCfg = Release|Any CPU
		{4AE29CD0-1201-47D7-8E8A-8B75C501170B}.Release|Any CPU.Build.0 = Release|Any CPU
	EndGlobalSection
EndGlobal
